
Microsoft Visual Studio Solution File, Format Version 12.00
# Visual Studio Version 16
VisualStudioVersion = 16.0.29326.143
MinimumVisualStudioVersion = 10.0.40219.1
Project("{FAE04EC0-301F-11D3-BF4B-00C04F79EFBC}") = "KalkulatorTarasShvets", "KalkulatorTarasShvets\KalkulatorTarasShvets.csproj", "{800CD813-AFC5-4235-BE94-D7CA6D37C3EC}"
EndProject
Global
	GlobalSection(SolutionConfigurationPlatforms) = preSolution
		Debug|Any CPU = Debug|Any CPU
		Release|Any CPU = Release|Any CPU
	EndGlobalSection
	GlobalSection(ProjectConfigurationPlatforms) = postSolution
		{800CD813-AFC5-4235-BE94-D7CA6D37C3EC}.Debug|Any CPU.ActiveCfg = Debug|Any CPU
		{800CD813-AFC5-4235-BE94-D7CA6D37C3EC}.Debug|Any CPU.Build.0 = Debug|Any CPU
		{800CD813-AFC5-4235-BE94-D7CA6D37C3EC}.Release|Any CPU.ActiveCfg = Release|Any CPU
		{800CD813-AFC5-4235-BE94-D7CA6D37C3EC}.Release|Any CPU.Build.0 = Release|Any CPU
	EndGlobalSection
	GlobalSection(SolutionProperties) = preSolution
		HideSolutionNode = FALSE
	EndGlobalSection
	GlobalSection(ExtensibilityGlobals) = postSolution
		SolutionGuid = {2F352D53-F04B-4498-BAB8-F78C11507130}
	EndGlobalSection
EndGlobal
